
Microsoft Visual Studio Solution File, Format Version 12.00
# Visual Studio Version 17
VisualStudioVersion = 17.11.35303.130
MinimumVisualStudioVersion = 10.0.40219.1
Project("{FAE04EC0-301F-11D3-BF4B-00C04F79EFBC}") = "Common", "Common\Common.csproj", "{8EF58D26-8E40-40F5-B208-AD840018249B}"
EndProject
Project("{FAE04EC0-301F-11D3-BF4B-00C04F79EFBC}") = "DataStructures", "DataStructures\DataStructures.csproj", "{0FABB606-5914-4761-9A98-4339DFA23C8D}"
EndProject
Project("{FAE04EC0-301F-11D3-BF4B-00C04F79EFBC}") = "DataStructureTests", "DataStructureTests\DataStructureTests.csproj", "{92AB7022-B3E4-4A3D-B6D5-23EEE1456B1A}"
EndProject
Global
	GlobalSection(SolutionConfigurationPlatforms) = preSolution
		Debug|Any CPU = Debug|Any CPU
		Release|Any CPU = Release|Any CPU
	EndGlobalSection
	GlobalSection(ProjectConfigurationPlatforms) = postSolution
		{8EF58D26-8E40-40F5-B208-AD840018249B}.Debug|Any CPU.ActiveCfg = Debug|Any CPU
		{8EF58D26-8E40-40F5-B208-AD840018249B}.Debug|Any CPU.Build.0 = Debug|Any CPU
		{8EF58D26-8E40-40F5-B208-AD840018249B}.Release|Any CPU.ActiveCfg = Release|Any CPU
		{8EF58D26-8E40-40F5-B208-AD840018249B}.Release|Any CPU.Build.0 = Release|Any CPU
		{0FABB606-5914-4761-9A98-4339DFA23C8D}.Debug|Any CPU.ActiveCfg = Debug|Any CPU
		{0FABB606-5914-4761-9A98-4339DFA23C8D}.Debug|Any CPU.Build.0 = Debug|Any CPU
		{0FABB606-5914-4761-9A98-4339DFA23C8D}.Release|Any CPU.ActiveCfg = Release|Any CPU
		{0FABB606-5914-4761-9A98-4339DFA23C8D}.Release|Any CPU.Build.0 = Release|Any CPU
		{92AB7022-B3E4-4A3D-B6D5-23EEE1456B1A}.Debug|Any CPU.ActiveCfg = Debug|Any CPU
		{92AB7022-B3E4-4A3D-B6D5-23EEE1456B1A}.Debug|Any CPU.Build.0 = Debug|Any CPU
		{92AB7022-B3E4-4A3D-B6D5-23EEE1456B1A}.Release|Any CPU.ActiveCfg = Release|Any CPU
		{92AB7022-B3E4-4A3D-B6D5-23EEE1456B1A}.Release|Any CPU.Build.0 = Release|Any CPU
	EndGlobalSection
	GlobalSection(SolutionProperties) = preSolution
		HideSolutionNode = FALSE
	EndGlobalSection
	GlobalSection(ExtensibilityGlobals) = postSolution
		SolutionGuid = {D5C9C090-6590-4A36-8F74-86F5457D7B86}
	EndGlobalSection
EndGlobal
